
Microsoft Visual Studio Solution File, Format Version 12.00
# Visual Studio Version 16
VisualStudioVersion = 16.0.30907.101
MinimumVisualStudioVersion = 10.0.40219.1
Project("{FAE04EC0-301F-11D3-BF4B-00C04F79EFBC}") = "clave", "clave\clave.csproj", "{EA6DF42C-473B-4C93-B581-9DC52DF8B519}"
EndProject
Global
	GlobalSection(SolutionConfigurationPlatforms) = preSolution
		Debug|Any CPU = Debug|Any CPU
		Release|Any CPU = Release|Any CPU
	EndGlobalSection
	GlobalSection(ProjectConfigurationPlatforms) = postSolution
		{EA6DF42C-473B-4C93-B581-9DC52DF8B519}.Debug|Any CPU.ActiveCfg = Debug|Any CPU
		{EA6DF42C-473B-4C93-B581-9DC52DF8B519}.Debug|Any CPU.Build.0 = Debug|Any CPU
		{EA6DF42C-473B-4C93-B581-9DC52DF8B519}.Release|Any CPU.ActiveCfg = Release|Any CPU
		{EA6DF42C-473B-4C93-B581-9DC52DF8B519}.Release|Any CPU.Build.0 = Release|Any CPU
	EndGlobalSection
	GlobalSection(SolutionProperties) = preSolution
		HideSolutionNode = FALSE
	EndGlobalSection
	GlobalSection(ExtensibilityGlobals) = postSolution
		SolutionGuid = {CEAE09C3-800F-4B05-BE00-935F35D5C38D}
	EndGlobalSection
EndGlobal
